
Microsoft Visual Studio Solution File, Format Version 12.00
# Visual Studio 15
VisualStudioVersion = 15.0.27004.2002
MinimumVisualStudioVersion = 10.0.40219.1
Project("{FAE04EC0-301F-11D3-BF4B-00C04F79EFBC}") = "SwissTool.Framework", "src\SwissTool.Framework\SwissTool.Framework.csproj", "{EF3F5393-BD9F-4FE5-902F-B6C1DD968564}"
EndProject
Global
	GlobalSection(SolutionConfigurationPlatforms) = preSolution
		Debug|Any CPU = Debug|Any CPU
		Release|Any CPU = Release|Any CPU
	EndGlobalSection
	GlobalSection(ProjectConfigurationPlatforms) = postSolution
		{EF3F5393-BD9F-4FE5-902F-B6C1DD968564}.Debug|Any CPU.ActiveCfg = Debug|Any CPU
		{EF3F5393-BD9F-4FE5-902F-B6C1DD968564}.Debug|Any CPU.Build.0 = Debug|Any CPU
		{EF3F5393-BD9F-4FE5-902F-B6C1DD968564}.Release|Any CPU.ActiveCfg = Release|Any CPU
		{EF3F5393-BD9F-4FE5-902F-B6C1DD968564}.Release|Any CPU.Build.0 = Release|Any CPU
	EndGlobalSection
	GlobalSection(SolutionProperties) = preSolution
		HideSolutionNode = FALSE
	EndGlobalSection
	GlobalSection(ExtensibilityGlobals) = postSolution
		SolutionGuid = {3A80FB64-F732-4B11-B044-0B74E3345C1B}
	EndGlobalSection
EndGlobal
